{
  "name": "@esyoil-gmbh/config-prettier",
  "version": "0.0.0",
  "dependencies": {
    "prettier": {
      "dev": true,
      "integrity": "sha512-gAU9AGAPMaKb3NNSUUuhhFAS7SCO4ALTN4nRIn6PJ075Qd28Yn2Ig2ahEJWdJwJmlEBTUfC7mMUSFy8MwsOCfg==",
      "resolved": "https://registry.npmjs.org/prettier/-/prettier-1.15.3.tgz",
      "version": "1.15.3"
    }
  },
  "lockfileVersion": 1,
  "requires": true
}
